<?xml version="1.0" encoding="utf-8"?>
<Project ToolsVersion="4.0" xmlns="http://schemas.microsoft.com/developer/msbuild/2003">
  <ItemGroup>
    <Filter Include="Source Files">
      <UniqueIdentifier>{4FC737F1-C7A5-4376-A066-2A32D752A2FF}</UniqueIdentifier>
      <Extensions>cpp;c;cc;cxx;def;odl;idl;hpj;bat;asm;asmx</Extensions>
    </Filter>
    <Filter Include="Header Files">
      <UniqueIdentifier>{93995380-89BD-4b04-88EB-625FBE52EBFB}</UniqueIdentifier>
      <Extensions>h;hpp;hxx;hm;inl;inc;xsd</Extensions>
    </Filter>
    <Filter Include="Resource Files">
      <UniqueIdentifier>{67DA6AB6-F800-4c08-8B7A-83BB121AAD01}</UniqueIdentifier>
      <Extensions>rc;ico;cur;bmp;dlg;rc2;rct;bin;rgs;gif;jpg;jpeg;jpe;resx;tiff;tif;png;wav</Extensions>
    </Filter>
  </ItemGroup>
  <ItemGroup>
    <ClCompile Include="AccelerationStructure.cpp">
      <Filter>Source Files</Filter>
    </ClCompile>
    <ClCompile Include="AccelerationStructureFactory.cpp">
      <Filter>Source Files</Filter>
    </ClCompile>
    <ClCompile Include="AmbientOcclusionGIEngine.cpp">
      <Filter>Source Files</Filter>
    </ClCompile>
    <ClCompile Include="AmbientOcclusionShader.cpp">
      <Filter>Source Files</Filter>
    </ClCompile>
    <ClCompile Include="AnisotropicWardShader.cpp">
      <Filter>Source Files</Filter>
    </ClCompile>
    <ClCompile Include="AsciiFileLGAPI.cpp">
      <Filter>Source Files</Filter>
    </ClCompile>
    <ClCompile Include="Background.cpp">
      <Filter>Source Files</Filter>
    </ClCompile>
    <ClCompile Include="BanchoffSurface.cpp">
      <Filter>Source Files</Filter>
    </ClCompile>
    <ClCompile Include="Benchmark.cpp">
      <Filter>Source Files</Filter>
    </ClCompile>
    <ClCompile Include="BenchmarkFramework.cpp">
      <Filter>Source Files</Filter>
    </ClCompile>
    <ClCompile Include="BenchmarkTest.cpp">
      <Filter>Source Files</Filter>
    </ClCompile>
    <ClCompile Include="BezierMesh.cpp">
      <Filter>Source Files</Filter>
    </ClCompile>
    <ClCompile Include="BinaryFileLGAPI.cpp">
      <Filter>Source Files</Filter>
    </ClCompile>
    <ClCompile Include="Bitmap.cpp">
      <Filter>Source Files</Filter>
    </ClCompile>
    <ClCompile Include="BitmapBlack.cpp">
      <Filter>Source Files</Filter>
    </ClCompile>
    <ClCompile Include="BitmapG8.cpp">
      <Filter>Source Files</Filter>
    </ClCompile>
    <ClCompile Include="BitmapGA8.cpp">
      <Filter>Source Files</Filter>
    </ClCompile>
    <ClCompile Include="BitmapReader.cpp">
      <Filter>Source Files</Filter>
    </ClCompile>
    <ClCompile Include="BitmapRGB8.cpp">
      <Filter>Source Files</Filter>
    </ClCompile>
    <ClCompile Include="BitmapRGBA8.cpp">
      <Filter>Source Files</Filter>
    </ClCompile>
    <ClCompile Include="BitmapRGBE.cpp">
      <Filter>Source Files</Filter>
    </ClCompile>
    <ClCompile Include="BitmapWriter.cpp">
      <Filter>Source Files</Filter>
    </ClCompile>
    <ClCompile Include="BitmapXYZ.cpp">
      <Filter>Source Files</Filter>
    </ClCompile>
    <ClCompile Include="BlackbodySpectrum.cpp">
      <Filter>Source Files</Filter>
    </ClCompile>
    <ClCompile Include="BlackmanHarrisFilter.cpp">
      <Filter>Source Files</Filter>
    </ClCompile>
    <ClCompile Include="BMPBitmapReader.cpp">
      <Filter>Source Files</Filter>
    </ClCompile>
    <ClCompile Include="BoundingBox.cpp">
      <Filter>Source Files</Filter>
    </ClCompile>
    <ClCompile Include="BoundingIntervalHierarchy.cpp">
      <Filter>Source Files</Filter>
    </ClCompile>
    <ClCompile Include="Box.cpp">
      <Filter>Source Files</Filter>
    </ClCompile>
    <ClCompile Include="BoxFilter.cpp">
      <Filter>Source Files</Filter>
    </ClCompile>
    <ClCompile Include="BucketOrder.cpp">
      <Filter>Source Files</Filter>
    </ClCompile>
    <ClCompile Include="BucketOrderFactory.cpp">
      <Filter>Source Files</Filter>
    </ClCompile>
    <ClCompile Include="BucketRenderer.cpp">
      <Filter>Source Files</Filter>
    </ClCompile>
    <ClCompile Include="BumpMappingModifier.cpp">
      <Filter>Source Files</Filter>
    </ClCompile>
    <ClCompile Include="ByteUtil.cpp">
      <Filter>Source Files</Filter>
    </ClCompile>
    <ClCompile Include="Camera.cpp">
      <Filter>Source Files</Filter>
    </ClCompile>
    <ClCompile Include="CameraLens.cpp">
      <Filter>Source Files</Filter>
    </ClCompile>
    <ClCompile Include="CatmullRomFilter.cpp">
      <Filter>Source Files</Filter>
    </ClCompile>
    <ClCompile Include="CausticPhotonMap.cpp">
      <Filter>Source Files</Filter>
    </ClCompile>
    <ClCompile Include="CausticPhotonMapInterface.cpp">
      <Filter>Source Files</Filter>
    </ClCompile>
    <ClCompile Include="ChromaticitySpectrum.cpp">
      <Filter>Source Files</Filter>
    </ClCompile>
    <ClCompile Include="Color.cpp">
      <Filter>Source Files</Filter>
    </ClCompile>
    <ClCompile Include="ColorEncoder.cpp">
      <Filter>Source Files</Filter>
    </ClCompile>
    <ClCompile Include="ColorFactory.cpp">
      <Filter>Source Files</Filter>
    </ClCompile>
    <ClCompile Include="ColumnBucketOrder.cpp">
      <Filter>Source Files</Filter>
    </ClCompile>
    <ClCompile Include="ConstantShader.cpp">
      <Filter>Source Files</Filter>
    </ClCompile>
    <ClCompile Include="ConstantSpectralCurve.cpp">
      <Filter>Source Files</Filter>
    </ClCompile>
    <ClCompile Include="CornellBox.cpp">
      <Filter>Source Files</Filter>
    </ClCompile>
    <ClCompile Include="CubeGrid.cpp">
      <Filter>Source Files</Filter>
    </ClCompile>
    <ClCompile Include="CubicBSpline.cpp">
      <Filter>Source Files</Filter>
    </ClCompile>
    <ClCompile Include="Cylinder.cpp">
      <Filter>Source Files</Filter>
    </ClCompile>
    <ClCompile Include="DiagonalBucketOrder.cpp">
      <Filter>Source Files</Filter>
    </ClCompile>
    <ClCompile Include="DiffuseShader.cpp">
      <Filter>Source Files</Filter>
    </ClCompile>
    <ClCompile Include="DirectionalSpotLight.cpp">
      <Filter>Source Files</Filter>
    </ClCompile>
    <ClCompile Include="Display.cpp">
      <Filter>Source Files</Filter>
    </ClCompile>
    <ClCompile Include="EXRBitmapWriter.cpp">
      <Filter>Source Files</Filter>
    </ClCompile>
    <ClCompile Include="FakeGIEngine.cpp">
      <Filter>Source Files</Filter>
    </ClCompile>
    <ClCompile Include="FileDisplay.cpp">
      <Filter>Source Files</Filter>
    </ClCompile>
    <ClCompile Include="FileLGAPI.cpp">
      <Filter>Source Files</Filter>
    </ClCompile>
    <ClCompile Include="FileMesh.cpp">
      <Filter>Source Files</Filter>
    </ClCompile>
    <ClCompile Include="FileUtil.cpp">
      <Filter>Source Files</Filter>
    </ClCompile>
    <ClCompile Include="Filter.cpp">
      <Filter>Source Files</Filter>
    </ClCompile>
    <ClCompile Include="FindCxImageFileType.cpp">
      <Filter>Source Files</Filter>
    </ClCompile>
    <ClCompile Include="FisheyeLens.cpp">
      <Filter>Source Files</Filter>
    </ClCompile>
    <ClCompile Include="FloatArray.cpp">
      <Filter>Source Files</Filter>
    </ClCompile>
    <ClCompile Include="FrameDisplay.cpp">
      <Filter>Source Files</Filter>
    </ClCompile>
    <ClCompile Include="GaussianFilter.cpp">
      <Filter>Source Files</Filter>
    </ClCompile>
    <ClCompile Include="GenericBitmap.cpp">
      <Filter>Source Files</Filter>
    </ClCompile>
    <ClCompile Include="Geometry.cpp">
      <Filter>Source Files</Filter>
    </ClCompile>
    <ClCompile Include="GIEngine.cpp">
      <Filter>Source Files</Filter>
    </ClCompile>
    <ClCompile Include="GlassShader.cpp">
      <Filter>Source Files</Filter>
    </ClCompile>
    <ClCompile Include="GlobalPhotonMap.cpp">
      <Filter>Source Files</Filter>
    </ClCompile>
    <ClCompile Include="GlobalPhotonMapInterface.cpp">
      <Filter>Source Files</Filter>
    </ClCompile>
    <ClCompile Include="GridPhotonMap.cpp">
      <Filter>Source Files</Filter>
    </ClCompile>
    <ClCompile Include="Gumbo.cpp">
      <Filter>Source Files</Filter>
    </ClCompile>
    <ClCompile Include="Hair.cpp">
      <Filter>Source Files</Filter>
    </ClCompile>
    <ClCompile Include="HDRBitmapReader.cpp">
      <Filter>Source Files</Filter>
    </ClCompile>
    <ClCompile Include="HDRBitmapWriter.cpp">
      <Filter>Source Files</Filter>
    </ClCompile>
    <ClCompile Include="HilbertBucketOrder.cpp">
      <Filter>Source Files</Filter>
    </ClCompile>
    <ClCompile Include="IDShader.cpp">
      <Filter>Source Files</Filter>
    </ClCompile>
    <ClCompile Include="IGIBitmapReader.cpp">
      <Filter>Source Files</Filter>
    </ClCompile>
    <ClCompile Include="IGIBitmapWriter.cpp">
      <Filter>Source Files</Filter>
    </ClCompile>
    <ClCompile Include="ImageBasedLight.cpp">
      <Filter>Source Files</Filter>
    </ClCompile>
    <ClCompile Include="ImageSampler.cpp">
      <Filter>Source Files</Filter>
    </ClCompile>
    <ClCompile Include="ImgPipeDisplay.cpp">
      <Filter>Source Files</Filter>
    </ClCompile>
    <ClCompile Include="Instance.cpp">
      <Filter>Source Files</Filter>
    </ClCompile>
    <ClCompile Include="InstanceList.cpp">
      <Filter>Source Files</Filter>
    </ClCompile>
    <ClCompile Include="InstantGI.cpp">
      <Filter>Source Files</Filter>
    </ClCompile>
    <ClCompile Include="IntArray.cpp">
      <Filter>Source Files</Filter>
    </ClCompile>
    <ClCompile Include="IntersectionState.cpp">
      <Filter>Source Files</Filter>
    </ClCompile>
    <ClCompile Include="InvertedBucketOrder.cpp">
      <Filter>Source Files</Filter>
    </ClCompile>
    <ClCompile Include="IrradianceCacheGIEngine.cpp">
      <Filter>Source Files</Filter>
    </ClCompile>
    <ClCompile Include="IrregularSpectralCurve.cpp">
      <Filter>Source Files</Filter>
    </ClCompile>
    <ClCompile Include="JPGBitmapReader.cpp">
      <Filter>Source Files</Filter>
    </ClCompile>
    <ClCompile Include="JuliaFractal.cpp">
      <Filter>Source Files</Filter>
    </ClCompile>
    <ClCompile Include="KDTree.cpp">
      <Filter>Source Files</Filter>
    </ClCompile>
    <ClCompile Include="LanczosFilter.cpp">
      <Filter>Source Files</Filter>
    </ClCompile>
    <ClCompile Include="LGAPI.cpp">
      <Filter>Source Files</Filter>
    </ClCompile>
    <ClCompile Include="LGAPIInterface.cpp">
      <Filter>Source Files</Filter>
    </ClCompile>
    <ClCompile Include="LGMemoryAllocator.cpp">
      <Filter>Source Files</Filter>
    </ClCompile>
    <ClCompile Include="LGObject.cpp">
      <Filter>Source Files</Filter>
    </ClCompile>
    <ClCompile Include="LGRendering.cpp">
      <Filter>Source Files</Filter>
    </ClCompile>
    <ClCompile Include="LGSearchPath.cpp">
      <Filter>Source Files</Filter>
    </ClCompile>
    <ClCompile Include="LightSample.cpp">
      <Filter>Source Files</Filter>
    </ClCompile>
    <ClCompile Include="LightServer.cpp">
      <Filter>Source Files</Filter>
    </ClCompile>
    <ClCompile Include="LightSource.cpp">
      <Filter>Source Files</Filter>
    </ClCompile>
    <ClCompile Include="MathUtil.cpp">
      <Filter>Source Files</Filter>
    </ClCompile>
    <ClCompile Include="Matrix4.cpp">
      <Filter>Source Files</Filter>
    </ClCompile>
    <ClCompile Include="Memory.cpp">
      <Filter>Source Files</Filter>
    </ClCompile>
    <ClCompile Include="MirrorShader.cpp">
      <Filter>Source Files</Filter>
    </ClCompile>
    <ClCompile Include="MitchellFilter.cpp">
      <Filter>Source Files</Filter>
    </ClCompile>
    <ClCompile Include="Modifier.cpp">
      <Filter>Source Files</Filter>
    </ClCompile>
    <ClCompile Include="MovingMatrix4.cpp">
      <Filter>Source Files</Filter>
    </ClCompile>
    <ClCompile Include="MultipassRenderer.cpp">
      <Filter>Source Files</Filter>
    </ClCompile>
    <ClCompile Include="NormalMapModifier.cpp">
      <Filter>Source Files</Filter>
    </ClCompile>
    <ClCompile Include="NormalShader.cpp">
      <Filter>Source Files</Filter>
    </ClCompile>
    <ClCompile Include="NullAccelerator.cpp">
      <Filter>Source Files</Filter>
    </ClCompile>
    <ClCompile Include="Object.cpp">
      <Filter>Source Files</Filter>
    </ClCompile>
    <ClCompile Include="Options.cpp">
      <Filter>Source Files</Filter>
    </ClCompile>
    <ClCompile Include="OrthoNormalBasis.cpp">
      <Filter>Source Files</Filter>
    </ClCompile>
    <ClCompile Include="ParameterList.cpp">
      <Filter>Source Files</Filter>
    </ClCompile>
    <ClCompile Include="Parser.cpp">
      <Filter>Source Files</Filter>
    </ClCompile>
    <ClCompile Include="ParticleSurface.cpp">
      <Filter>Source Files</Filter>
    </ClCompile>
    <ClCompile Include="PathTracingGIEngine.cpp">
      <Filter>Source Files</Filter>
    </ClCompile>
    <ClCompile Include="PerlinModifier.cpp">
      <Filter>Source Files</Filter>
    </ClCompile>
    <ClCompile Include="PerlinScalar.cpp">
      <Filter>Source Files</Filter>
    </ClCompile>
    <ClCompile Include="PerlinVector.cpp">
      <Filter>Source Files</Filter>
    </ClCompile>
    <ClCompile Include="PhongShader.cpp">
      <Filter>Source Files</Filter>
    </ClCompile>
    <ClCompile Include="PhotonStore.cpp">
      <Filter>Source Files</Filter>
    </ClCompile>
    <ClCompile Include="PinholeLens.cpp">
      <Filter>Source Files</Filter>
    </ClCompile>
    <ClCompile Include="pkpm3dLG.cpp">
      <Filter>Source Files</Filter>
    </ClCompile>
    <ClCompile Include="Plane.cpp">
      <Filter>Source Files</Filter>
    </ClCompile>
    <ClCompile Include="PluginRegistry.cpp">
      <Filter>Source Files</Filter>
    </ClCompile>
    <ClCompile Include="PNGBitmapReader.cpp">
      <Filter>Source Files</Filter>
    </ClCompile>
    <ClCompile Include="PNGBitmapWriter.cpp">
      <Filter>Source Files</Filter>
    </ClCompile>
    <ClCompile Include="Point2.cpp">
      <Filter>Source Files</Filter>
    </ClCompile>
    <ClCompile Include="Point3.cpp">
      <Filter>Source Files</Filter>
    </ClCompile>
    <ClCompile Include="PointLight.cpp">
      <Filter>Source Files</Filter>
    </ClCompile>
    <ClCompile Include="PrimIDShader.cpp">
      <Filter>Source Files</Filter>
    </ClCompile>
    <ClCompile Include="PrimitiveList.cpp">
      <Filter>Source Files</Filter>
    </ClCompile>
    <ClCompile Include="ProgressiveRenderer.cpp">
      <Filter>Source Files</Filter>
    </ClCompile>
    <ClCompile Include="QMC.cpp">
      <Filter>Source Files</Filter>
    </ClCompile>
    <ClCompile Include="QuadMesh.cpp">
      <Filter>Source Files</Filter>
    </ClCompile>
    <ClCompile Include="QuickGrayShader.cpp">
      <Filter>Source Files</Filter>
    </ClCompile>
    <ClCompile Include="RA2Parser.cpp">
      <Filter>Source Files</Filter>
    </ClCompile>
    <ClCompile Include="RA3Parser.cpp">
      <Filter>Source Files</Filter>
    </ClCompile>
    <ClCompile Include="RandomBucketOrder.cpp">
      <Filter>Source Files</Filter>
    </ClCompile>
    <ClCompile Include="Ray.cpp">
      <Filter>Source Files</Filter>
    </ClCompile>
    <ClCompile Include="RealtimeBenchmark.cpp">
      <Filter>Source Files</Filter>
    </ClCompile>
    <ClCompile Include="RegularSpectralCurve.cpp">
      <Filter>Source Files</Filter>
    </ClCompile>
    <ClCompile Include="RenderDoc.cpp">
      <Filter>Source Files</Filter>
    </ClCompile>
    <ClCompile Include="RenderFrameWnd.cpp">
      <Filter>Source Files</Filter>
    </ClCompile>
    <ClCompile Include="RenderingFrame.cpp">
      <Filter>Source Files</Filter>
    </ClCompile>
    <ClCompile Include="RenderObject.cpp">
      <Filter>Source Files</Filter>
    </ClCompile>
    <ClCompile Include="RenderObjectMap.cpp">
      <Filter>Source Files</Filter>
    </ClCompile>
    <ClCompile Include="RenderZoomView2.cpp">
      <Filter>Source Files</Filter>
    </ClCompile>
    <ClCompile Include="RGBSpace.cpp">
      <Filter>Source Files</Filter>
    </ClCompile>
    <ClCompile Include="RowBucketOrder.cpp">
      <Filter>Source Files</Filter>
    </ClCompile>
    <ClCompile Include="Runnable.cpp">
      <Filter>Source Files</Filter>
    </ClCompile>
    <ClCompile Include="SCAbstractParser.cpp">
      <Filter>Source Files</Filter>
    </ClCompile>
    <ClCompile Include="SCAsciiParser.cpp">
      <Filter>Source Files</Filter>
    </ClCompile>
    <ClCompile Include="SCBinaryParser.cpp">
      <Filter>Source Files</Filter>
    </ClCompile>
    <ClCompile Include="Scene.cpp">
      <Filter>Source Files</Filter>
    </ClCompile>
    <ClCompile Include="SceneParser.cpp">
      <Filter>Source Files</Filter>
    </ClCompile>
    <ClCompile Include="SCParser.cpp">
      <Filter>Source Files</Filter>
    </ClCompile>
    <ClCompile Include="Shader.cpp">
      <Filter>Source Files</Filter>
    </ClCompile>
    <ClCompile Include="ShadingCache.cpp">
      <Filter>Source Files</Filter>
    </ClCompile>
    <ClCompile Include="ShadingState.cpp">
      <Filter>Source Files</Filter>
    </ClCompile>
    <ClCompile Include="ShaveRibParser.cpp">
      <Filter>Source Files</Filter>
    </ClCompile>
    <ClCompile Include="ShinyDiffuseShader.cpp">
      <Filter>Source Files</Filter>
    </ClCompile>
    <ClCompile Include="SimpleRenderer.cpp">
      <Filter>Source Files</Filter>
    </ClCompile>
    <ClCompile Include="SimpleShader.cpp">
      <Filter>Source Files</Filter>
    </ClCompile>
    <ClCompile Include="SincFilter.cpp">
      <Filter>Source Files</Filter>
    </ClCompile>
    <ClCompile Include="Solvers.cpp">
      <Filter>Source Files</Filter>
    </ClCompile>
    <ClCompile Include="SpectralCurve.cpp">
      <Filter>Source Files</Filter>
    </ClCompile>
    <ClCompile Include="Sphere.cpp">
      <Filter>Source Files</Filter>
    </ClCompile>
    <ClCompile Include="SphereFlake.cpp">
      <Filter>Source Files</Filter>
    </ClCompile>
    <ClCompile Include="SphereLight.cpp">
      <Filter>Source Files</Filter>
    </ClCompile>
    <ClCompile Include="SphericalLens.cpp">
      <Filter>Source Files</Filter>
    </ClCompile>
    <ClCompile Include="SpiralBucketOrder.cpp">
      <Filter>Source Files</Filter>
    </ClCompile>
    <ClCompile Include="SpotLight.cpp">
      <Filter>Source Files</Filter>
    </ClCompile>
    <ClCompile Include="Statistics.cpp">
      <Filter>Source Files</Filter>
    </ClCompile>
    <ClCompile Include="stdafx.cpp">
      <Filter>Source Files</Filter>
    </ClCompile>
    <ClCompile Include="StrUtil.cpp">
      <Filter>Source Files</Filter>
    </ClCompile>
    <ClCompile Include="SunSkyLight.cpp">
      <Filter>Source Files</Filter>
    </ClCompile>
    <ClCompile Include="Teapot.cpp">
      <Filter>Source Files</Filter>
    </ClCompile>
    <ClCompile Include="Tesselatable.cpp">
      <Filter>Source Files</Filter>
    </ClCompile>
    <ClCompile Include="Texture.cpp">
      <Filter>Source Files</Filter>
    </ClCompile>
    <ClCompile Include="TextureCache.cpp">
      <Filter>Source Files</Filter>
    </ClCompile>
    <ClCompile Include="TexturedAmbientOcclusionShader.cpp">
      <Filter>Source Files</Filter>
    </ClCompile>
    <ClCompile Include="TexturedDiffuseShader.cpp">
      <Filter>Source Files</Filter>
    </ClCompile>
    <ClCompile Include="TexturedPhongShader.cpp">
      <Filter>Source Files</Filter>
    </ClCompile>
    <ClCompile Include="TexturedShinyDiffuseShader.cpp">
      <Filter>Source Files</Filter>
    </ClCompile>
    <ClCompile Include="TexturedWardShader.cpp">
      <Filter>Source Files</Filter>
    </ClCompile>
    <ClCompile Include="TGABitmapReader.cpp">
      <Filter>Source Files</Filter>
    </ClCompile>
    <ClCompile Include="TGABitmapWriter.cpp">
      <Filter>Source Files</Filter>
    </ClCompile>
    <ClCompile Include="ThinLens.cpp">
      <Filter>Source Files</Filter>
    </ClCompile>
    <ClCompile Include="ThreadThing.cpp">
      <Filter>Source Files</Filter>
    </ClCompile>
    <ClCompile Include="Timer.cpp">
      <Filter>Source Files</Filter>
    </ClCompile>
    <ClCompile Include="Torus.cpp">
      <Filter>Source Files</Filter>
    </ClCompile>
    <ClCompile Include="TriangleFilter.cpp">
      <Filter>Source Files</Filter>
    </ClCompile>
    <ClCompile Include="TriangleMesh.cpp">
      <Filter>Source Files</Filter>
    </ClCompile>
    <ClCompile Include="TriangleMeshLight.cpp">
      <Filter>Source Files</Filter>
    </ClCompile>
    <ClCompile Include="TriParser.cpp">
      <Filter>Source Files</Filter>
    </ClCompile>
    <ClCompile Include="UberShader.cpp">
      <Filter>Source Files</Filter>
    </ClCompile>
    <ClCompile Include="UniformGrid.cpp">
      <Filter>Source Files</Filter>
    </ClCompile>
    <ClCompile Include="UserInterface.cpp">
      <Filter>Source Files</Filter>
    </ClCompile>
    <ClCompile Include="UVShader.cpp">
      <Filter>Source Files</Filter>
    </ClCompile>
    <ClCompile Include="Vector3.cpp">
      <Filter>Source Files</Filter>
    </ClCompile>
    <ClCompile Include="ViewCausticsShader.cpp">
      <Filter>Source Files</Filter>
    </ClCompile>
    <ClCompile Include="ViewGlobalPhotonsShader.cpp">
      <Filter>Source Files</Filter>
    </ClCompile>
    <ClCompile Include="ViewIrradianceShader.cpp">
      <Filter>Source Files</Filter>
    </ClCompile>
    <ClCompile Include="WireframeShader.cpp">
      <Filter>Source Files</Filter>
    </ClCompile>
    <ClCompile Include="XYZColor.cpp">
      <Filter>Source Files</Filter>
    </ClCompile>
  </ItemGroup>
  <ItemGroup>
    <None Include="pkpm3dLG.def">
      <Filter>Source Files</Filter>
    </None>
    <None Include="res\LG002.ico">
      <Filter>Resource Files</Filter>
    </None>
    <None Include="res\pkpm3dLG.rc2">
      <Filter>Resource Files</Filter>
    </None>
    <None Include="ReadMe.txt" />
  </ItemGroup>
  <ItemGroup>
    <ClInclude Include="AccelerationStructure.h">
      <Filter>Header Files</Filter>
    </ClInclude>
    <ClInclude Include="AccelerationStructureFactory.h">
      <Filter>Header Files</Filter>
    </ClInclude>
    <ClInclude Include="AmbientOcclusionGIEngine.h">
      <Filter>Header Files</Filter>
    </ClInclude>
    <ClInclude Include="AmbientOcclusionShader.h">
      <Filter>Header Files</Filter>
    </ClInclude>
    <ClInclude Include="AnisotropicWardShader.h">
      <Filter>Header Files</Filter>
    </ClInclude>
    <ClInclude Include="AsciiFileLGAPI.h">
      <Filter>Header Files</Filter>
    </ClInclude>
    <ClInclude Include="Background.h">
      <Filter>Header Files</Filter>
    </ClInclude>
    <ClInclude Include="BanchoffSurface.h">
      <Filter>Header Files</Filter>
    </ClInclude>
    <ClInclude Include="Benchmark.h">
      <Filter>Header Files</Filter>
    </ClInclude>
    <ClInclude Include="BenchmarkFramework.h">
      <Filter>Header Files</Filter>
    </ClInclude>
    <ClInclude Include="BenchmarkTest.h">
      <Filter>Header Files</Filter>
    </ClInclude>
    <ClInclude Include="BezierMesh.h">
      <Filter>Header Files</Filter>
    </ClInclude>
    <ClInclude Include="BinaryFileLGAPI.h">
      <Filter>Header Files</Filter>
    </ClInclude>
    <ClInclude Include="Bitmap.h">
      <Filter>Header Files</Filter>
    </ClInclude>
    <ClInclude Include="BitmapBlack.h">
      <Filter>Header Files</Filter>
    </ClInclude>
    <ClInclude Include="BitmapG8.h">
      <Filter>Header Files</Filter>
    </ClInclude>
    <ClInclude Include="BitmapGA8.h">
      <Filter>Header Files</Filter>
    </ClInclude>
    <ClInclude Include="BitmapReader.h">
      <Filter>Header Files</Filter>
    </ClInclude>
    <ClInclude Include="BitmapRGB8.h">
      <Filter>Header Files</Filter>
    </ClInclude>
    <ClInclude Include="BitmapRGBA8.h">
      <Filter>Header Files</Filter>
    </ClInclude>
    <ClInclude Include="BitmapRGBE.h">
      <Filter>Header Files</Filter>
    </ClInclude>
    <ClInclude Include="BitmapWriter.h">
      <Filter>Header Files</Filter>
    </ClInclude>
    <ClInclude Include="BitmapXYZ.h">
      <Filter>Header Files</Filter>
    </ClInclude>
    <ClInclude Include="BlackbodySpectrum.h">
      <Filter>Header Files</Filter>
    </ClInclude>
    <ClInclude Include="BlackmanHarrisFilter.h">
      <Filter>Header Files</Filter>
    </ClInclude>
    <ClInclude Include="BMPBitmapReader.h">
      <Filter>Header Files</Filter>
    </ClInclude>
    <ClInclude Include="BoundingBox.h">
      <Filter>Header Files</Filter>
    </ClInclude>
    <ClInclude Include="BoundingIntervalHierarchy.h">
      <Filter>Header Files</Filter>
    </ClInclude>
    <ClInclude Include="Box.h">
      <Filter>Header Files</Filter>
    </ClInclude>
    <ClInclude Include="BoxFilter.h">
      <Filter>Header Files</Filter>
    </ClInclude>
    <ClInclude Include="BucketOrder.h">
      <Filter>Header Files</Filter>
    </ClInclude>
    <ClInclude Include="BucketOrderFactory.h">
      <Filter>Header Files</Filter>
    </ClInclude>
    <ClInclude Include="BucketRenderer.h">
      <Filter>Header Files</Filter>
    </ClInclude>
    <ClInclude Include="BumpMappingModifier.h">
      <Filter>Header Files</Filter>
    </ClInclude>
    <ClInclude Include="ByteUtil.h">
      <Filter>Header Files</Filter>
    </ClInclude>
    <ClInclude Include="Camera.h">
      <Filter>Header Files</Filter>
    </ClInclude>
    <ClInclude Include="CameraLens.h">
      <Filter>Header Files</Filter>
    </ClInclude>
    <ClInclude Include="CatmullRomFilter.h">
      <Filter>Header Files</Filter>
    </ClInclude>
    <ClInclude Include="CausticPhotonMap.h">
      <Filter>Header Files</Filter>
    </ClInclude>
    <ClInclude Include="CausticPhotonMapInterface.h">
      <Filter>Header Files</Filter>
    </ClInclude>
    <ClInclude Include="CharLess.h">
      <Filter>Header Files</Filter>
    </ClInclude>
    <ClInclude Include="ChromaticitySpectrum.h">
      <Filter>Header Files</Filter>
    </ClInclude>
    <ClInclude Include="Color.h">
      <Filter>Header Files</Filter>
    </ClInclude>
    <ClInclude Include="ColorEncoder.h">
      <Filter>Header Files</Filter>
    </ClInclude>
    <ClInclude Include="ColorFactory.h">
      <Filter>Header Files</Filter>
    </ClInclude>
    <ClInclude Include="ColumnBucketOrder.h">
      <Filter>Header Files</Filter>
    </ClInclude>
    <ClInclude Include="Comparable.h">
      <Filter>Header Files</Filter>
    </ClInclude>
    <ClInclude Include="ConstantShader.h">
      <Filter>Header Files</Filter>
    </ClInclude>
    <ClInclude Include="ConstantSpectralCurve.h">
      <Filter>Header Files</Filter>
    </ClInclude>
    <ClInclude Include="CornellBox.h">
      <Filter>Header Files</Filter>
    </ClInclude>
    <ClInclude Include="CubeGrid.h">
      <Filter>Header Files</Filter>
    </ClInclude>
    <ClInclude Include="CubicBSpline.h">
      <Filter>Header Files</Filter>
    </ClInclude>
    <ClInclude Include="Cylinder.h">
      <Filter>Header Files</Filter>
    </ClInclude>
    <ClInclude Include="DiagonalBucketOrder.h">
      <Filter>Header Files</Filter>
    </ClInclude>
    <ClInclude Include="DiffuseShader.h">
      <Filter>Header Files</Filter>
    </ClInclude>
    <ClInclude Include="DirectionalSpotLight.h">
      <Filter>Header Files</Filter>
    </ClInclude>
    <ClInclude Include="Display.h">
      <Filter>Header Files</Filter>
    </ClInclude>
    <ClInclude Include="EXRBitmapWriter.h">
      <Filter>Header Files</Filter>
    </ClInclude>
    <ClInclude Include="FakeGIEngine.h">
      <Filter>Header Files</Filter>
    </ClInclude>
    <ClInclude Include="FileDisplay.h">
      <Filter>Header Files</Filter>
    </ClInclude>
    <ClInclude Include="FileLGAPI.h">
      <Filter>Header Files</Filter>
    </ClInclude>
    <ClInclude Include="FileMesh.h">
      <Filter>Header Files</Filter>
    </ClInclude>
    <ClInclude Include="FileUtil.h">
      <Filter>Header Files</Filter>
    </ClInclude>
    <ClInclude Include="Filter.h">
      <Filter>Header Files</Filter>
    </ClInclude>
    <ClInclude Include="FindCxImageFileType.h">
      <Filter>Header Files</Filter>
    </ClInclude>
    <ClInclude Include="FisheyeLens.h">
      <Filter>Header Files</Filter>
    </ClInclude>
    <ClInclude Include="FloatArray.h">
      <Filter>Header Files</Filter>
    </ClInclude>
    <ClInclude Include="FrameDisplay.h">
      <Filter>Header Files</Filter>
    </ClInclude>
    <ClInclude Include="GaussianFilter.h">
      <Filter>Header Files</Filter>
    </ClInclude>
    <ClInclude Include="GenericBitmap.h">
      <Filter>Header Files</Filter>
    </ClInclude>
    <ClInclude Include="Geometry.h">
      <Filter>Header Files</Filter>
    </ClInclude>
    <ClInclude Include="GIEngine.h">
      <Filter>Header Files</Filter>
    </ClInclude>
    <ClInclude Include="GlassShader.h">
      <Filter>Header Files</Filter>
    </ClInclude>
    <ClInclude Include="GlobalPhotonMap.h">
      <Filter>Header Files</Filter>
    </ClInclude>
    <ClInclude Include="GlobalPhotonMapInterface.h">
      <Filter>Header Files</Filter>
    </ClInclude>
    <ClInclude Include="GridPhotonMap.h">
      <Filter>Header Files</Filter>
    </ClInclude>
    <ClInclude Include="Gumbo.h">
      <Filter>Header Files</Filter>
    </ClInclude>
    <ClInclude Include="Hair.h">
      <Filter>Header Files</Filter>
    </ClInclude>
    <ClInclude Include="HDRBitmapReader.h">
      <Filter>Header Files</Filter>
    </ClInclude>
    <ClInclude Include="HDRBitmapWriter.h">
      <Filter>Header Files</Filter>
    </ClInclude>
    <ClInclude Include="HilbertBucketOrder.h">
      <Filter>Header Files</Filter>
    </ClInclude>
    <ClInclude Include="IDShader.h">
      <Filter>Header Files</Filter>
    </ClInclude>
    <ClInclude Include="IGIBitmapReader.h">
      <Filter>Header Files</Filter>
    </ClInclude>
    <ClInclude Include="IGIBitmapWriter.h">
      <Filter>Header Files</Filter>
    </ClInclude>
    <ClInclude Include="ImageBasedLight.h">
      <Filter>Header Files</Filter>
    </ClInclude>
    <ClInclude Include="ImageSampler.h">
      <Filter>Header Files</Filter>
    </ClInclude>
    <ClInclude Include="ImgPipeDisplay.h">
      <Filter>Header Files</Filter>
    </ClInclude>
    <ClInclude Include="Instance.h">
      <Filter>Header Files</Filter>
    </ClInclude>
    <ClInclude Include="InstanceList.h">
      <Filter>Header Files</Filter>
    </ClInclude>
    <ClInclude Include="InstantGI.h">
      <Filter>Header Files</Filter>
    </ClInclude>
    <ClInclude Include="IntArray.h">
      <Filter>Header Files</Filter>
    </ClInclude>
    <ClInclude Include="IntersectionState.h">
      <Filter>Header Files</Filter>
    </ClInclude>
    <ClInclude Include="InvertedBucketOrder.h">
      <Filter>Header Files</Filter>
    </ClInclude>
    <ClInclude Include="IrradianceCacheGIEngine.h">
      <Filter>Header Files</Filter>
    </ClInclude>
    <ClInclude Include="IrregularSpectralCurve.h">
      <Filter>Header Files</Filter>
    </ClInclude>
    <ClInclude Include="JPGBitmapReader.h">
      <Filter>Header Files</Filter>
    </ClInclude>
    <ClInclude Include="JuliaFractal.h">
      <Filter>Header Files</Filter>
    </ClInclude>
    <ClInclude Include="KDTree.h">
      <Filter>Header Files</Filter>
    </ClInclude>
    <ClInclude Include="LanczosFilter.h">
      <Filter>Header Files</Filter>
    </ClInclude>
    <ClInclude Include="LG.h">
      <Filter>Header Files</Filter>
    </ClInclude>
    <ClInclude Include="LGAPI.h">
      <Filter>Header Files</Filter>
    </ClInclude>
    <ClInclude Include="LGAPIInterface.h">
      <Filter>Header Files</Filter>
    </ClInclude>
    <ClInclude Include="LGDef.h">
      <Filter>Header Files</Filter>
    </ClInclude>
    <ClInclude Include="LGMemoryAllocator.h">
      <Filter>Header Files</Filter>
    </ClInclude>
    <ClInclude Include="LGMemoryPool.h">
      <Filter>Header Files</Filter>
    </ClInclude>
    <ClInclude Include="LGObject.h">
      <Filter>Header Files</Filter>
    </ClInclude>
    <ClInclude Include="LGRendering.h">
      <Filter>Header Files</Filter>
    </ClInclude>
    <ClInclude Include="LGSearchPath.h">
      <Filter>Header Files</Filter>
    </ClInclude>
    <ClInclude Include="LightSample.h">
      <Filter>Header Files</Filter>
    </ClInclude>
    <ClInclude Include="LightServer.h">
      <Filter>Header Files</Filter>
    </ClInclude>
    <ClInclude Include="LightSource.h">
      <Filter>Header Files</Filter>
    </ClInclude>
    <ClInclude Include="MathUtil.h">
      <Filter>Header Files</Filter>
    </ClInclude>
    <ClInclude Include="Matrix4.h">
      <Filter>Header Files</Filter>
    </ClInclude>
    <ClInclude Include="Memory.h">
      <Filter>Header Files</Filter>
    </ClInclude>
    <ClInclude Include="MirrorShader.h">
      <Filter>Header Files</Filter>
    </ClInclude>
    <ClInclude Include="MitchellFilter.h">
      <Filter>Header Files</Filter>
    </ClInclude>
    <ClInclude Include="Modifier.h">
      <Filter>Header Files</Filter>
    </ClInclude>
    <ClInclude Include="MovingMatrix4.h">
      <Filter>Header Files</Filter>
    </ClInclude>
    <ClInclude Include="MultipassRenderer.h">
      <Filter>Header Files</Filter>
    </ClInclude>
    <ClInclude Include="NormalMapModifier.h">
      <Filter>Header Files</Filter>
    </ClInclude>
    <ClInclude Include="NormalShader.h">
      <Filter>Header Files</Filter>
    </ClInclude>
    <ClInclude Include="NullAccelerator.h">
      <Filter>Header Files</Filter>
    </ClInclude>
    <ClInclude Include="Object.h">
      <Filter>Header Files</Filter>
    </ClInclude>
    <ClInclude Include="Options.h">
      <Filter>Header Files</Filter>
    </ClInclude>
    <ClInclude Include="OrthoNormalBasis.h">
      <Filter>Header Files</Filter>
    </ClInclude>
    <ClInclude Include="ParameterList.h">
      <Filter>Header Files</Filter>
    </ClInclude>
    <ClInclude Include="Parser.h">
      <Filter>Header Files</Filter>
    </ClInclude>
    <ClInclude Include="ParticleSurface.h">
      <Filter>Header Files</Filter>
    </ClInclude>
    <ClInclude Include="PathTracingGIEngine.h">
      <Filter>Header Files</Filter>
    </ClInclude>
    <ClInclude Include="PerlinModifier.h">
      <Filter>Header Files</Filter>
    </ClInclude>
    <ClInclude Include="PerlinScalar.h">
      <Filter>Header Files</Filter>
    </ClInclude>
    <ClInclude Include="PerlinVector.h">
      <Filter>Header Files</Filter>
    </ClInclude>
    <ClInclude Include="PhongShader.h">
      <Filter>Header Files</Filter>
    </ClInclude>
    <ClInclude Include="PhotonStore.h">
      <Filter>Header Files</Filter>
    </ClInclude>
    <ClInclude Include="PinholeLens.h">
      <Filter>Header Files</Filter>
    </ClInclude>
    <ClInclude Include="pkpm3dLG.h">
      <Filter>Header Files</Filter>
    </ClInclude>
    <ClInclude Include="Plane.h">
      <Filter>Header Files</Filter>
    </ClInclude>
    <ClInclude Include="PluginRegistry.h">
      <Filter>Header Files</Filter>
    </ClInclude>
    <ClInclude Include="Plugins.h">
      <Filter>Header Files</Filter>
    </ClInclude>
    <ClInclude Include="PNGBitmapReader.h">
      <Filter>Header Files</Filter>
    </ClInclude>
    <ClInclude Include="PNGBitmapWriter.h">
      <Filter>Header Files</Filter>
    </ClInclude>
    <ClInclude Include="Point2.h">
      <Filter>Header Files</Filter>
    </ClInclude>
    <ClInclude Include="Point3.h">
      <Filter>Header Files</Filter>
    </ClInclude>
    <ClInclude Include="PointLight.h">
      <Filter>Header Files</Filter>
    </ClInclude>
    <ClInclude Include="PrimIDShader.h">
      <Filter>Header Files</Filter>
    </ClInclude>
    <ClInclude Include="PrimitiveList.h">
      <Filter>Header Files</Filter>
    </ClInclude>
    <ClInclude Include="ProgressiveRenderer.h">
      <Filter>Header Files</Filter>
    </ClInclude>
    <ClInclude Include="QMC.h">
      <Filter>Header Files</Filter>
    </ClInclude>
    <ClInclude Include="QuadMesh.h">
      <Filter>Header Files</Filter>
    </ClInclude>
    <ClInclude Include="QuickGrayShader.h">
      <Filter>Header Files</Filter>
    </ClInclude>
    <ClInclude Include="RA2Parser.h">
      <Filter>Header Files</Filter>
    </ClInclude>
    <ClInclude Include="RA3Parser.h">
      <Filter>Header Files</Filter>
    </ClInclude>
    <ClInclude Include="RandomBucketOrder.h">
      <Filter>Header Files</Filter>
    </ClInclude>
    <ClInclude Include="Ray.h">
      <Filter>Header Files</Filter>
    </ClInclude>
    <ClInclude Include="RealtimeBenchmark.h">
      <Filter>Header Files</Filter>
    </ClInclude>
    <ClInclude Include="RegularSpectralCurve.h">
      <Filter>Header Files</Filter>
    </ClInclude>
    <ClInclude Include="RenderDoc.h">
      <Filter>Header Files</Filter>
    </ClInclude>
    <ClInclude Include="RenderFrameWnd.h">
      <Filter>Header Files</Filter>
    </ClInclude>
    <ClInclude Include="RenderingFrame.h">
      <Filter>Header Files</Filter>
    </ClInclude>
    <ClInclude Include="RenderObject.h">
      <Filter>Header Files</Filter>
    </ClInclude>
    <ClInclude Include="RenderObjectMap.h">
      <Filter>Header Files</Filter>
    </ClInclude>
    <ClInclude Include="RenderZoomView2.h">
      <Filter>Header Files</Filter>
    </ClInclude>
    <ClInclude Include="Resource.h">
      <Filter>Header Files</Filter>
    </ClInclude>
    <ClInclude Include="RGBSpace.h">
      <Filter>Header Files</Filter>
    </ClInclude>
    <ClInclude Include="RowBucketOrder.h">
      <Filter>Header Files</Filter>
    </ClInclude>
    <ClInclude Include="Runnable.h">
      <Filter>Header Files</Filter>
    </ClInclude>
    <ClInclude Include="SCAbstractParser.h">
      <Filter>Header Files</Filter>
    </ClInclude>
    <ClInclude Include="SCAsciiParser.h">
      <Filter>Header Files</Filter>
    </ClInclude>
    <ClInclude Include="SCBinaryParser.h">
      <Filter>Header Files</Filter>
    </ClInclude>
    <ClInclude Include="Scene.h">
      <Filter>Header Files</Filter>
    </ClInclude>
    <ClInclude Include="SceneParser.h">
      <Filter>Header Files</Filter>
    </ClInclude>
    <ClInclude Include="SCParser.h">
      <Filter>Header Files</Filter>
    </ClInclude>
    <ClInclude Include="Shader.h">
      <Filter>Header Files</Filter>
    </ClInclude>
    <ClInclude Include="ShadingCache.h">
      <Filter>Header Files</Filter>
    </ClInclude>
    <ClInclude Include="ShadingState.h">
      <Filter>Header Files</Filter>
    </ClInclude>
    <ClInclude Include="ShaveRibParser.h">
      <Filter>Header Files</Filter>
    </ClInclude>
    <ClInclude Include="ShinyDiffuseShader.h">
      <Filter>Header Files</Filter>
    </ClInclude>
    <ClInclude Include="SimpleRenderer.h">
      <Filter>Header Files</Filter>
    </ClInclude>
    <ClInclude Include="SimpleShader.h">
      <Filter>Header Files</Filter>
    </ClInclude>
    <ClInclude Include="SincFilter.h">
      <Filter>Header Files</Filter>
    </ClInclude>
    <ClInclude Include="Solvers.h">
      <Filter>Header Files</Filter>
    </ClInclude>
    <ClInclude Include="SpectralCurve.h">
      <Filter>Header Files</Filter>
    </ClInclude>
    <ClInclude Include="Sphere.h">
      <Filter>Header Files</Filter>
    </ClInclude>
    <ClInclude Include="SphereFlake.h">
      <Filter>Header Files</Filter>
    </ClInclude>
    <ClInclude Include="SphereLight.h">
      <Filter>Header Files</Filter>
    </ClInclude>
    <ClInclude Include="SphericalLens.h">
      <Filter>Header Files</Filter>
    </ClInclude>
    <ClInclude Include="SpiralBucketOrder.h">
      <Filter>Header Files</Filter>
    </ClInclude>
    <ClInclude Include="SpotLight.h">
      <Filter>Header Files</Filter>
    </ClInclude>
    <ClInclude Include="Statistics.h">
      <Filter>Header Files</Filter>
    </ClInclude>
    <ClInclude Include="stdafx.h">
      <Filter>Header Files</Filter>
    </ClInclude>
    <ClInclude Include="StrUtil.h">
      <Filter>Header Files</Filter>
    </ClInclude>
    <ClInclude Include="SunSkyLight.h">
      <Filter>Header Files</Filter>
    </ClInclude>
    <ClInclude Include="targetver.h">
      <Filter>Header Files</Filter>
    </ClInclude>
    <ClInclude Include="Teapot.h">
      <Filter>Header Files</Filter>
    </ClInclude>
    <ClInclude Include="Tesselatable.h">
      <Filter>Header Files</Filter>
    </ClInclude>
    <ClInclude Include="Texture.h">
      <Filter>Header Files</Filter>
    </ClInclude>
    <ClInclude Include="TextureCache.h">
      <Filter>Header Files</Filter>
    </ClInclude>
    <ClInclude Include="TexturedAmbientOcclusionShader.h">
      <Filter>Header Files</Filter>
    </ClInclude>
    <ClInclude Include="TexturedDiffuseShader.h">
      <Filter>Header Files</Filter>
    </ClInclude>
    <ClInclude Include="TexturedPhongShader.h">
      <Filter>Header Files</Filter>
    </ClInclude>
    <ClInclude Include="TexturedShinyDiffuseShader.h">
      <Filter>Header Files</Filter>
    </ClInclude>
    <ClInclude Include="TexturedWardShader.h">
      <Filter>Header Files</Filter>
    </ClInclude>
    <ClInclude Include="TGABitmapReader.h">
      <Filter>Header Files</Filter>
    </ClInclude>
    <ClInclude Include="TGABitmapWriter.h">
      <Filter>Header Files</Filter>
    </ClInclude>
    <ClInclude Include="ThinLens.h">
      <Filter>Header Files</Filter>
    </ClInclude>
    <ClInclude Include="ThreadThing.h">
      <Filter>Header Files</Filter>
    </ClInclude>
    <ClInclude Include="Timer.h">
      <Filter>Header Files</Filter>
    </ClInclude>
    <ClInclude Include="Torus.h">
      <Filter>Header Files</Filter>
    </ClInclude>
    <ClInclude Include="TriangleFilter.h">
      <Filter>Header Files</Filter>
    </ClInclude>
    <ClInclude Include="TriangleMesh.h">
      <Filter>Header Files</Filter>
    </ClInclude>
    <ClInclude Include="TriangleMeshLight.h">
      <Filter>Header Files</Filter>
    </ClInclude>
    <ClInclude Include="TriParser.h">
      <Filter>Header Files</Filter>
    </ClInclude>
    <ClInclude Include="UberShader.h">
      <Filter>Header Files</Filter>
    </ClInclude>
    <ClInclude Include="UniformGrid.h">
      <Filter>Header Files</Filter>
    </ClInclude>
    <ClInclude Include="UserInterface.h">
      <Filter>Header Files</Filter>
    </ClInclude>
    <ClInclude Include="UVShader.h">
      <Filter>Header Files</Filter>
    </ClInclude>
    <ClInclude Include="Vector3.h">
      <Filter>Header Files</Filter>
    </ClInclude>
    <ClInclude Include="ViewCausticsShader.h">
      <Filter>Header Files</Filter>
    </ClInclude>
    <ClInclude Include="ViewGlobalPhotonsShader.h">
      <Filter>Header Files</Filter>
    </ClInclude>
    <ClInclude Include="ViewIrradianceShader.h">
      <Filter>Header Files</Filter>
    </ClInclude>
    <ClInclude Include="WireframeShader.h">
      <Filter>Header Files</Filter>
    </ClInclude>
    <ClInclude Include="xfile.h">
      <Filter>Header Files</Filter>
    </ClInclude>
    <ClInclude Include="ximacfg.h">
      <Filter>Header Files</Filter>
    </ClInclude>
    <ClInclude Include="ximadef.h">
      <Filter>Header Files</Filter>
    </ClInclude>
    <ClInclude Include="ximage.h">
      <Filter>Header Files</Filter>
    </ClInclude>
    <ClInclude Include="xiofile.h">
      <Filter>Header Files</Filter>
    </ClInclude>
    <ClInclude Include="xmemfile.h">
      <Filter>Header Files</Filter>
    </ClInclude>
    <ClInclude Include="XYZColor.h">
      <Filter>Header Files</Filter>
    </ClInclude>
  </ItemGroup>
  <ItemGroup>
    <ResourceCompile Include="pkpm3dLG.rc">
      <Filter>Resource Files</Filter>
    </ResourceCompile>
  </ItemGroup>
</Project>